# This file is automatically @generated by Cargo.
# It is not intended for manual editing.
version = 4

[[package]]
name = "basic_sync"
version = "0.0.1"
dependencies = [
 "dyn_fs",
]

[[package]]
name = "dyn_fs"
version = "0.0.1"
dependencies = [
 "normalize-path",
]

[[package]]
name = "normalize-path"
version = "0.2.1"
source = "registry+https://github.com/rust-lang/crates.io-index"
checksum = "f5438dd2b2ff4c6df6e1ce22d825ed2fa93ee2922235cc45186991717f0a892d"
